// !$*UTF8*$!
{
	archiveVersion = 1;
	classes = {
	};
	objectVersion = 50;
	objects = {

/* Begin PBXBuildFile section */
		88D347282485FBE20039C254 /* AppDelegate.swift in Sources */ = {isa = PBXBuildFile; fileRef = 88D347272485FBE20039C254 /* AppDelegate.swift */; };
		88D3472A2485FBE20039C254 /* GameScene.sks in Resources */ = {isa = PBXBuildFile; fileRef = 88D347292485FBE20039C254 /* GameScene.sks */; };
		88D3472E2485FBE20039C254 /* GameScene.swift in Sources */ = {isa = PBXBuildFile; fileRef = 88D3472D2485FBE20039C254 /* GameScene.swift */; };
		88D347302485FBE20039C254 /* GameViewController.swift in Sources */ = {isa = PBXBuildFile; fileRef = 88D3472F2485FBE20039C254 /* GameViewController.swift */; };
		88D347332485FBE20039C254 /* Main.storyboard in Resources */ = {isa = PBXBuildFile; fileRef = 88D347312485FBE20039C254 /* Main.storyboard */; };
		88D347352485FBE40039C254 /* Assets.xcassets in Resources */ = {isa = PBXBuildFile; fileRef = 88D347342485FBE40039C254 /* Assets.xcassets */; };
		88D347382485FBE40039C254 /* LaunchScreen.storyboard in Resources */ = {isa = PBXBuildFile; fileRef = 88D347362485FBE40039C254 /* LaunchScreen.storyboard */; };
		88D347432485FBE40039C254 /* marblesTests.swift in Sources */ = {isa = PBXBuildFile; fileRef = 88D347422485FBE40039C254 /* marblesTests.swift */; };
		88D3474E2485FBE40039C254 /* marblesUITests.swift in Sources */ = {isa = PBXBuildFile; fileRef = 88D3474D2485FBE40039C254 /* marblesUITests.swift */; };
		88D3475C24860B8E0039C254 /* Explosion.sks in Resources */ = {isa = PBXBuildFile; fileRef = 88D3475B24860B8E0039C254 /* Explosion.sks */; };
		88D3475E24860FAA0039C254 /* Background.fsh in Resources */ = {isa = PBXBuildFile; fileRef = 88D3475D24860FAA0039C254 /* Background.fsh */; };
/* End PBXBuildFile section */

/* Begin PBXContainerItemProxy section */
		88D3473F2485FBE40039C254 /* PBXContainerItemProxy */ = {
			isa = PBXContainerItemProxy;
			containerPortal = 88D3471C2485FBE20039C254 /* Project object */;
			proxyType = 1;
			remoteGlobalIDString = 88D347232485FBE20039C254;
			remoteInfo = marbles;
		};
		88D3474A2485FBE40039C254 /* PBXContainerItemProxy */ = {
			isa = PBXContainerItemProxy;
			containerPortal = 88D3471C2485FBE20039C254 /* Project object */;
			proxyType = 1;
			remoteGlobalIDString = 88D347232485FBE20039C254;
			remoteInfo = marbles;
		};
/* End PBXContainerItemProxy section */

/* Begin PBXFileReference section */
		88D347242485FBE20039C254 /* marbles.app */ = {isa = PBXFileReference; explicitFileType = wrapper.application; includeInIndex = 0; path = marbles.app; sourceTree = BUILT_PRODUCTS_DIR; };
		88D347272485FBE20039C254 /* AppDelegate.swift */ = {isa = PBXFileReference; lastKnownFileType = sourcecode.swift; path = AppDelegate.swift; sourceTree = "<group>"; };
		88D347292485FBE20039C254 /* GameScene.sks */ = {isa = PBXFileReference; lastKnownFileType = file.sks; path = GameScene.sks; sourceTree = "<group>"; };
		88D3472D2485FBE20039C254 /* GameScene.swift */ = {isa = PBXFileReference; lastKnownFileType = sourcecode.swift; path = GameScene.swift; sourceTree = "<group>"; };
		88D3472F2485FBE20039C254 /* GameViewController.swift */ = {isa = PBXFileReference; lastKnownFileType = sourcecode.swift; path = GameViewController.swift; sourceTree = "<group>"; };
		88D347322485FBE20039C254 /* Base */ = {isa = PBXFileReference; lastKnownFileType = file.storyboard; name = Base; path = Base.lproj/Main.storyboard; sourceTree = "<group>"; };
		88D347342485FBE40039C254 /* Assets.xcassets */ = {isa = PBXFileReference; lastKnownFileType = folder.assetcatalog; path = Assets.xcassets; sourceTree = "<group>"; };
		88D347372485FBE40039C254 /* Base */ = {isa = PBXFileReference; lastKnownFileType = file.storyboard; name = Base; path = Base.lproj/LaunchScreen.storyboard; sourceTree = "<group>"; };
		88D347392485FBE40039C254 /* Info.plist */ = {isa = PBXFileReference; lastKnownFileType = text.plist.xml; path = Info.plist; sourceTree = "<group>"; };
		88D3473E2485FBE40039C254 /* marblesTests.xctest */ = {isa = PBXFileReference; explicitFileType = wrapper.cfbundle; includeInIndex = 0; path = marblesTests.xctest; sourceTree = BUILT_PRODUCTS_DIR; };
		88D347422485FBE40039C254 /* marblesTests.swift */ = {isa = PBXFileReference; lastKnownFileType = sourcecode.swift; path = marblesTests.swift; sourceTree = "<group>"; };
		88D347442485FBE40039C254 /* Info.plist */ = {isa = PBXFileReference; lastKnownFileType = text.plist.xml; path = Info.plist; sourceTree = "<group>"; };
		88D347492485FBE40039C254 /* marblesUITests.xctest */ = {isa = PBXFileReference; explicitFileType = wrapper.cfbundle; includeInIndex = 0; path = marblesUITests.xctest; sourceTree = BUILT_PRODUCTS_DIR; };
		88D3474D2485FBE40039C254 /* marblesUITests.swift */ = {isa = PBXFileReference; lastKnownFileType = sourcecode.swift; path = marblesUITests.swift; sourceTree = "<group>"; };
		88D3474F2485FBE40039C254 /* Info.plist */ = {isa = PBXFileReference; lastKnownFileType = text.plist.xml; path = Info.plist; sourceTree = "<group>"; };
		88D3475B24860B8E0039C254 /* Explosion.sks */ = {isa = PBXFileReference; lastKnownFileType = file.sks; path = Explosion.sks; sourceTree = "<group>"; };
		88D3475D24860FAA0039C254 /* Background.fsh */ = {isa = PBXFileReference; lastKnownFileType = sourcecode.glsl; path = Background.fsh; sourceTree = "<group>"; };
/* End PBXFileReference section */

/* Begin PBXFrameworksBuildPhase section */
		88D347212485FBE20039C254 /* Frameworks */ = {
			isa = PBXFrameworksBuildPhase;
			buildActionMask = 2147483647;
			files = (
			);
			runOnlyForDeploymentPostprocessing = 0;
		};
		88D3473B2485FBE40039C254 /* Frameworks */ = {
			isa = PBXFrameworksBuildPhase;
			buildActionMask = 2147483647;
			files = (
			);
			runOnlyForDeploymentPostprocessing = 0;
		};
		88D347462485FBE40039C254 /* Frameworks */ = {
			isa = PBXFrameworksBuildPhase;
			buildActionMask = 2147483647;
			files = (
			);
			runOnlyForDeploymentPostprocessing = 0;
		};
/* End PBXFrameworksBuildPhase section */

/* Begin PBXGroup section */
		88D3471B2485FBE20039C254 = {
			isa = PBXGroup;
			children = (
				88D347262485FBE20039C254 /* marbles */,
				88D347412485FBE40039C254 /* marblesTests */,
				88D3474C2485FBE40039C254 /* marblesUITests */,
				88D347252485FBE20039C254 /* Products */,
			);
			sourceTree = "<group>";
		};
		88D347252485FBE20039C254 /* Products */ = {
			isa = PBXGroup;
			children = (
				88D347242485FBE20039C254 /* marbles.app */,
				88D3473E2485FBE40039C254 /* marblesTests.xctest */,
				88D347492485FBE40039C254 /* marblesUITests.xctest */,
			);
			name = Products;
			sourceTree = "<group>";
		};
		88D347262485FBE20039C254 /* marbles */ = {
			isa = PBXGroup;
			children = (
				88D347272485FBE20039C254 /* AppDelegate.swift */,
				88D347292485FBE20039C254 /* GameScene.sks */,
				88D3472D2485FBE20039C254 /* GameScene.swift */,
				88D3475D24860FAA0039C254 /* Background.fsh */,
				88D3475B24860B8E0039C254 /* Explosion.sks */,
				88D3472F2485FBE20039C254 /* GameViewController.swift */,
				88D347312485FBE20039C254 /* Main.storyboard */,
				88D347342485FBE40039C254 /* Assets.xcassets */,
				88D347362485FBE40039C254 /* LaunchScreen.storyboard */,
				88D347392485FBE40039C254 /* Info.plist */,
			);
			path = marbles;
			sourceTree = "<group>";
		};
		88D347412485FBE40039C254 /* marblesTests */ = {
			isa = PBXGroup;
			children = (
				88D347422485FBE40039C254 /* marblesTests.swift */,
				88D347442485FBE40039C254 /* Info.plist */,
			);
			path = marblesTests;
			sourceTree = "<group>";
		};
		88D3474C2485FBE40039C254 /* marblesUITests */ = {
			isa = PBXGroup;
			children = (
				88D3474D2485FBE40039C254 /* marblesUITests.swift */,
				88D3474F2485FBE40039C254 /* Info.plist */,
			);
			path = marblesUITests;
			sourceTree = "<group>";
		};
/* End PBXGroup section */

/* Begin PBXNativeTarget section */
		88D347232485FBE20039C254 /* marbles */ = {
			isa = PBXNativeTarget;
			buildConfigurationList = 88D347522485FBE40039C254 /* Build configuration list for PBXNativeTarget "marbles" */;
			buildPhases = (
				88D347202485FBE20039C254 /* Sources */,
				88D347212485FBE20039C254 /* Frameworks */,
				88D347222485FBE20039C254 /* Resources */,
			);
			buildRules = (
			);
			dependencies = (
			);
			name = marbles;
			productName = marbles;
			productReference = 88D347242485FBE20039C254 /* marbles.app */;
			productType = "com.apple.product-type.application";
		};
		88D3473D2485FBE40039C254 /* marblesTests */ = {
			isa = PBXNativeTarget;
			buildConfigurationList = 88D347552485FBE40039C254 /* Build configuration list for PBXNativeTarget "marblesTests" */;
			buildPhases = (
				88D3473A2485FBE40039C254 /* Sources */,
				88D3473B2485FBE40039C254 /* Frameworks */,
				88D3473C2485FBE40039C254 /* Resources */,
			);
			buildRules = (
			);
			dependencies = (
				88D347402485FBE40039C254 /* PBXTargetDependency */,
			);
			name = marblesTests;
			productName = marblesTests;
			productReference = 88D3473E2485FBE40039C254 /* marblesTests.xctest */;
			productType = "com.apple.product-type.bundle.unit-test";
		};
		88D347482485FBE40039C254 /* marblesUITests */ = {
			isa = PBXNativeTarget;
			buildConfigurationList = 88D347582485FBE40039C254 /* Build configuration list for PBXNativeTarget "marblesUITests" */;
			buildPhases = (
				88D347452485FBE40039C254 /* Sources */,
				88D347462485FBE40039C254 /* Frameworks */,
				88D347472485FBE40039C254 /* Resources */,
			);
			buildRules = (
			);
			dependencies = (
				88D3474B2485FBE40039C254 /* PBXTargetDependency */,
			);
			name = marblesUITests;
			productName = marblesUITests;
			productReference = 88D347492485FBE40039C254 /* marblesUITests.xctest */;
			productType = "com.apple.product-type.bundle.ui-testing";
		};
/* End PBXNativeTarget section */

/* Begin PBXProject section */
		88D3471C2485FBE20039C254 /* Project object */ = {
			isa = PBXProject;
			attributes = {
				LastSwiftUpdateCheck = 1150;
				LastUpgradeCheck = 1150;
				ORGANIZATIONNAME = "Lord Nibbler";
				TargetAttributes = {
					88D347232485FBE20039C254 = {
						CreatedOnToolsVersion = 11.5;
					};
					88D3473D2485FBE40039C254 = {
						CreatedOnToolsVersion = 11.5;
						TestTargetID = 88D347232485FBE20039C254;
					};
					88D347482485FBE40039C254 = {
						CreatedOnToolsVersion = 11.5;
						TestTargetID = 88D347232485FBE20039C254;
					};
				};
			};
			buildConfigurationList = 88D3471F2485FBE20039C254 /* Build configuration list for PBXProject "marbles" */;
			compatibilityVersion = "Xcode 9.3";
			developmentRegion = en;
			hasScannedForEncodings = 0;
			knownRegions = (
				en,
				Base,
			);
			mainGroup = 88D3471B2485FBE20039C254;
			productRefGroup = 88D347252485FBE20039C254 /* Products */;
			projectDirPath = "";
			projectRoot = "";
			targets = (
				88D347232485FBE20039C254 /* marbles */,
				88D3473D2485FBE40039C254 /* marblesTests */,
				88D347482485FBE40039C254 /* marblesUITests */,
			);
		};
/* End PBXProject section */

/* Begin PBXResourcesBuildPhase section */
		88D347222485FBE20039C254 /* Resources */ = {
			isa = PBXResourcesBuildPhase;
			buildActionMask = 2147483647;
			files = (
				88D347332485FBE20039C254 /* Main.storyboard in Resources */,
				88D3472A2485FBE20039C254 /* GameScene.sks in Resources */,
				88D3475C24860B8E0039C254 /* Explosion.sks in Resources */,
				88D347352485FBE40039C254 /* Assets.xcassets in Resources */,
				88D347382485FBE40039C254 /* LaunchScreen.storyboard in Resources */,
				88D3475E24860FAA0039C254 /* Background.fsh in Resources */,
			);
			runOnlyForDeploymentPostprocessing = 0;
		};
		88D3473C2485FBE40039C254 /* Resources */ = {
			isa = PBXResourcesBuildPhase;
			buildActionMask = 2147483647;
			files = (
			);
			runOnlyForDeploymentPostprocessing = 0;
		};
		88D347472485FBE40039C254 /* Resources */ = {
			isa = PBXResourcesBuildPhase;
			buildActionMask = 2147483647;
			files = (
			);
			runOnlyForDeploymentPostprocessing = 0;
		};
/* End PBXResourcesBuildPhase section */

/* Begin PBXSourcesBuildPhase section */
		88D347202485FBE20039C254 /* Sources */ = {
			isa = PBXSourcesBuildPhase;
			buildActionMask = 2147483647;
			files = (
				88D3472E2485FBE20039C254 /* GameScene.swift in Sources */,
				88D347302485FBE20039C254 /* GameViewController.swift in Sources */,
				88D347282485FBE20039C254 /* AppDelegate.swift in Sources */,
			);
			runOnlyForDeploymentPostprocessing = 0;
		};
		88D3473A2485FBE40039C254 /* Sources */ = {
			isa = PBXSourcesBuildPhase;
			buildActionMask = 2147483647;
			files = (
				88D347432485FBE40039C254 /* marblesTests.swift in Sources */,
			);
			runOnlyForDeploymentPostprocessing = 0;
		};
		88D347452485FBE40039C254 /* Sources */ = {
			isa = PBXSourcesBuildPhase;
			buildActionMask = 2147483647;
			files = (
				88D3474E2485FBE40039C254 /* marblesUITests.swift in Sources */,
			);
			runOnlyForDeploymentPostprocessing = 0;
		};
/* End PBXSourcesBuildPhase section */

/* Begin PBXTargetDependency section */
		88D347402485FBE40039C254 /* PBXTargetDependency */ = {
			isa = PBXTargetDependency;
			target = 88D347232485FBE20039C254 /* marbles */;
			targetProxy = 88D3473F2485FBE40039C254 /* PBXContainerItemProxy */;
		};
		88D3474B2485FBE40039C254 /* PBXTargetDependency */ = {
			isa = PBXTargetDependency;
			target = 88D347232485FBE20039C254 /* marbles */;
			targetProxy = 88D3474A2485FBE40039C254 /* PBXContainerItemProxy */;
		};
/* End PBXTargetDependency section */

/* Begin PBXVariantGroup section */
		88D347312485FBE20039C254 /* Main.storyboard */ = {
			isa = PBXVariantGroup;
			children = (
				88D347322485FBE20039C254 /* Base */,
			);
			name = Main.storyboard;
			sourceTree = "<group>";
		};
		88D347362485FBE40039C254 /* LaunchScreen.storyboard */ = {
			isa = PBXVariantGroup;
			children = (
				88D347372485FBE40039C254 /* Base */,
			);
			name = LaunchScreen.storyboard;
			sourceTree = "<group>";
		};
/* End PBXVariantGroup section */

/* Begin XCBuildConfiguration section */
		88D347502485FBE40039C254 /* Debug */ = {
			isa = XCBuildConfiguration;
			buildSettings = {
				ALWAYS_SEARCH_USER_PATHS = NO;
				CLANG_ANALYZER_NONNULL = YES;
				CLANG_ANALYZER_NUMBER_OBJECT_CONVERSION = YES_AGGRESSIVE;
				CLANG_CXX_LANGUAGE_STANDARD = "gnu++14";
				CLANG_CXX_LIBRARY = "libc++";
				CLANG_ENABLE_MODULES = YES;
				CLANG_ENABLE_OBJC_ARC = YES;
				CLANG_ENABLE_OBJC_WEAK = YES;
				CLANG_WARN_BLOCK_CAPTURE_AUTORELEASING = YES;
				CLANG_WARN_BOOL_CONVERSION = YES;
				CLANG_WARN_COMMA = YES;
				CLANG_WARN_CONSTANT_CONVERSION = YES;
				CLANG_WARN_DEPRECATED_OBJC_IMPLEMENTATIONS = YES;
				CLANG_WARN_DIRECT_OBJC_ISA_USAGE = YES_ERROR;
				CLANG_WARN_DOCUMENTATION_COMMENTS = YES;
				CLANG_WARN_EMPTY_BODY = YES;
				CLANG_WARN_ENUM_CONVERSION = YES;
				CLANG_WARN_INFINITE_RECURSION = YES;
				CLANG_WARN_INT_CONVERSION = YES;
				CLANG_WARN_NON_LITERAL_NULL_CONVERSION = YES;
				CLANG_WARN_OBJC_IMPLICIT_RETAIN_SELF = YES;
				CLANG_WARN_OBJC_LITERAL_CONVERSION = YES;
				CLANG_WARN_OBJC_ROOT_CLASS = YES_ERROR;
				CLANG_WARN_RANGE_LOOP_ANALYSIS = YES;
				CLANG_WARN_STRICT_PROTOTYPES = YES;
				CLANG_WARN_SUSPICIOUS_MOVE = YES;
				CLANG_WARN_UNGUARDED_AVAILABILITY = YES_AGGRESSIVE;
				CLANG_WARN_UNREACHABLE_CODE = YES;
				CLANG_WARN__DUPLICATE_METHOD_MATCH = YES;
				COPY_PHASE_STRIP = NO;
				DEBUG_INFORMATION_FORMAT = dwarf;
				ENABLE_STRICT_OBJC_MSGSEND = YES;
				ENABLE_TESTABILITY = YES;
				GCC_C_LANGUAGE_STANDARD = gnu11;
				GCC_DYNAMIC_NO_PIC = NO;
				GCC_NO_COMMON_BLOCKS = YES;
				GCC_OPTIMIZATION_LEVEL = 0;
				GCC_PREPROCESSOR_DEFINITIONS = (
					"DEBUG=1",
					"$(inherited)",
				);
				GCC_WARN_64_TO_32_BIT_CONVERSION = YES;
				GCC_WARN_ABOUT_RETURN_TYPE = YES_ERROR;
				GCC_WARN_UNDECLARED_SELECTOR = YES;
				GCC_WARN_UNINITIALIZED_AUTOS = YES_AGGRESSIVE;
				GCC_WARN_UNUSED_FUNCTION = YES;
				GCC_WARN_UNUSED_VARIABLE = YES;
				IPHONEOS_DEPLOYMENT_TARGET = 13.5;
				MTL_ENABLE_DEBUG_INFO = INCLUDE_SOURCE;
				MTL_FAST_MATH = YES;
				ONLY_ACTIVE_ARCH = YES;
				SDKROOT = iphoneos;
				SWIFT_ACTIVE_COMPILATION_CONDITIONS = DEBUG;
				SWIFT_OPTIMIZATION_LEVEL = "-Onone";
			};
			name = Debug;
		};
		88D347512485FBE40039C254 /* Release */ = {
			isa = XCBuildConfiguration;
			buildSettings = {
				ALWAYS_SEARCH_USER_PATHS = NO;
				CLANG_ANALYZER_NONNULL = YES;
				CLANG_ANALYZER_NUMBER_OBJECT_CONVERSION = YES_AGGRESSIVE;
				CLANG_CXX_LANGUAGE_STANDARD = "gnu++14";
				CLANG_CXX_LIBRARY = "libc++";
				CLANG_ENABLE_MODULES = YES;
				CLANG_ENABLE_OBJC_ARC = YES;
				CLANG_ENABLE_OBJC_WEAK = YES;
				CLANG_WARN_BLOCK_CAPTURE_AUTORELEASING = YES;
				CLANG_WARN_BOOL_CONVERSION = YES;
				CLANG_WARN_COMMA = YES;
				CLANG_WARN_CONSTANT_CONVERSION = YES;
				CLANG_WARN_DEPRECATED_OBJC_IMPLEMENTATIONS = YES;
				CLANG_WARN_DIRECT_OBJC_ISA_USAGE = YES_ERROR;
				CLANG_WARN_DOCUMENTATION_COMMENTS = YES;
				CLANG_WARN_EMPTY_BODY = YES;
				CLANG_WARN_ENUM_CONVERSION = YES;
				CLANG_WARN_INFINITE_RECURSION = YES;
				CLANG_WARN_INT_CONVERSION = YES;
				CLANG_WARN_NON_LITERAL_NULL_CONVERSION = YES;
				CLANG_WARN_OBJC_IMPLICIT_RETAIN_SELF = YES;
				CLANG_WARN_OBJC_LITERAL_CONVERSION = YES;
				CLANG_WARN_OBJC_ROOT_CLASS = YES_ERROR;
				CLANG_WARN_RANGE_LOOP_ANALYSIS = YES;
				CLANG_WARN_STRICT_PROTOTYPES = YES;
				CLANG_WARN_SUSPICIOUS_MOVE = YES;
				CLANG_WARN_UNGUARDED_AVAILABILITY = YES_AGGRESSIVE;
				CLANG_WARN_UNREACHABLE_CODE = YES;
				CLANG_WARN__DUPLICATE_METHOD_MATCH = YES;
				COPY_PHASE_STRIP = NO;
				DEBUG_INFORMATION_FORMAT = "dwarf-with-dsym";
				ENABLE_NS_ASSERTIONS = NO;
				ENABLE_STRICT_OBJC_MSGSEND = YES;
				GCC_C_LANGUAGE_STANDARD = gnu11;
				GCC_NO_COMMON_BLOCKS = YES;
				GCC_WARN_64_TO_32_BIT_CONVERSION = YES;
				GCC_WARN_ABOUT_RETURN_TYPE = YES_ERROR;
				GCC_WARN_UNDECLARED_SELECTOR = YES;
				GCC_WARN_UNINITIALIZED_AUTOS = YES_AGGRESSIVE;
				GCC_WARN_UNUSED_FUNCTION = YES;
				GCC_WARN_UNUSED_VARIABLE = YES;
				IPHONEOS_DEPLOYMENT_TARGET = 13.5;
				MTL_ENABLE_DEBUG_INFO = NO;
				MTL_FAST_MATH = YES;
				SDKROOT = iphoneos;
				SWIFT_COMPILATION_MODE = wholemodule;
				SWIFT_OPTIMIZATION_LEVEL = "-O";
				VALIDATE_PRODUCT = YES;
			};
			name = Release;
		};
		88D347532485FBE40039C254 /* Debug */ = {
			isa = XCBuildConfiguration;
			buildSettings = {
				ASSETCATALOG_COMPILER_APPICON_NAME = AppIcon;
				CODE_SIGN_STYLE = Automatic;
				DEVELOPMENT_TEAM = EVQESTNE55;
				INFOPLIST_FILE = marbles/Info.plist;
				LD_RUNPATH_SEARCH_PATHS = (
					"$(inherited)",
					"@executable_path/Frameworks",
				);
				PRODUCT_BUNDLE_IDENTIFIER = com.radler.marbles;
				PRODUCT_NAME = "$(TARGET_NAME)";
				SWIFT_VERSION = 5.0;
				TARGETED_DEVICE_FAMILY = 2;
			};
			name = Debug;
		};
		88D347542485FBE40039C254 /* Release */ = {
			isa = XCBuildConfiguration;
			buildSettings = {
				ASSETCATALOG_COMPILER_APPICON_NAME = AppIcon;
				CODE_SIGN_STYLE = Automatic;
				DEVELOPMENT_TEAM = EVQESTNE55;
				INFOPLIST_FILE = marbles/Info.plist;
				LD_RUNPATH_SEARCH_PATHS = (
					"$(inherited)",
					"@executable_path/Frameworks",
				);
				PRODUCT_BUNDLE_IDENTIFIER = com.radler.marbles;
				PRODUCT_NAME = "$(TARGET_NAME)";
				SWIFT_VERSION = 5.0;
				TARGETED_DEVICE_FAMILY = 2;
			};
			name = Release;
		};
		88D347562485FBE40039C254 /* Debug */ = {
			isa = XCBuildConfiguration;
			buildSettings = {
				ALWAYS_EMBED_SWIFT_STANDARD_LIBRARIES = YES;
				BUNDLE_LOADER = "$(TEST_HOST)";
				CODE_SIGN_STYLE = Automatic;
				INFOPLIST_FILE = marblesTests/Info.plist;
				IPHONEOS_DEPLOYMENT_TARGET = 13.5;
				LD_RUNPATH_SEARCH_PATHS = (
					"$(inherited)",
					"@executable_path/Frameworks",
					"@loader_path/Frameworks",
				);
				PRODUCT_BUNDLE_IDENTIFIER = com.radler.marblesTests;
				PRODUCT_NAME = "$(TARGET_NAME)";
				SWIFT_VERSION = 5.0;
				TARGETED_DEVICE_FAMILY = "1,2";
				TEST_HOST = "$(BUILT_PRODUCTS_DIR)/marbles.app/marbles";
			};
			name = Debug;
		};
		88D347572485FBE40039C254 /* Release */ = {
			isa = XCBuildConfiguration;
			buildSettings = {
				ALWAYS_EMBED_SWIFT_STANDARD_LIBRARIES = YES;
				BUNDLE_LOADER = "$(TEST_HOST)";
				CODE_SIGN_STYLE = Automatic;
				INFOPLIST_FILE = marblesTests/Info.plist;
				IPHONEOS_DEPLOYMENT_TARGET = 13.5;
				LD_RUNPATH_SEARCH_PATHS = (
					"$(inherited)",
					"@executable_path/Frameworks",
					"@loader_path/Frameworks",
				);
				PRODUCT_BUNDLE_IDENTIFIER = com.radler.marblesTests;
				PRODUCT_NAME = "$(TARGET_NAME)";
				SWIFT_VERSION = 5.0;
				TARGETED_DEVICE_FAMILY = "1,2";
				TEST_HOST = "$(BUILT_PRODUCTS_DIR)/marbles.app/marbles";
			};
			name = Release;
		};
		88D347592485FBE40039C254 /* Debug */ = {
			isa = XCBuildConfiguration;
			buildSettings = {
				ALWAYS_EMBED_SWIFT_STANDARD_LIBRARIES = YES;
				CODE_SIGN_STYLE = Automatic;
				INFOPLIST_FILE = marblesUITests/Info.plist;
				LD_RUNPATH_SEARCH_PATHS = (
					"$(inherited)",
					"@executable_path/Frameworks",
					"@loader_path/Frameworks",
				);
				PRODUCT_BUNDLE_IDENTIFIER = com.radler.marblesUITests;
				PRODUCT_NAME = "$(TARGET_NAME)";
				SWIFT_VERSION = 5.0;
				TARGETED_DEVICE_FAMILY = "1,2";
				TEST_TARGET_NAME = marbles;
			};
			name = Debug;
		};
		88D3475A2485FBE40039C254 /* Release */ = {
			isa = XCBuildConfiguration;
			buildSettings = {
				ALWAYS_EMBED_SWIFT_STANDARD_LIBRARIES = YES;
				CODE_SIGN_STYLE = Automatic;
				INFOPLIST_FILE = marblesUITests/Info.plist;
				LD_RUNPATH_SEARCH_PATHS = (
					"$(inherited)",
					"@executable_path/Frameworks",
					"@loader_path/Frameworks",
				);
				PRODUCT_BUNDLE_IDENTIFIER = com.radler.marblesUITests;
				PRODUCT_NAME = "$(TARGET_NAME)";
				SWIFT_VERSION = 5.0;
				TARGETED_DEVICE_FAMILY = "1,2";
				TEST_TARGET_NAME = marbles;
			};
			name = Release;
		};
/* End XCBuildConfiguration section */

/* Begin XCConfigurationList section */
		88D3471F2485FBE20039C254 /* Build configuration list for PBXProject "marbles" */ = {
			isa = XCConfigurationList;
			buildConfigurations = (
				88D347502485FBE40039C254 /* Debug */,
				88D347512485FBE40039C254 /* Release */,
			);
			defaultConfigurationIsVisible = 0;
			defaultConfigurationName = Release;
		};
		88D347522485FBE40039C254 /* Build configuration list for PBXNativeTarget "marbles" */ = {
			isa = XCConfigurationList;
			buildConfigurations = (
				88D347532485FBE40039C254 /* Debug */,
				88D347542485FBE40039C254 /* Release */,
			);
			defaultConfigurationIsVisible = 0;
			defaultConfigurationName = Release;
		};
		88D347552485FBE40039C254 /* Build configuration list for PBXNativeTarget "marblesTests" */ = {
			isa = XCConfigurationList;
			buildConfigurations = (
				88D347562485FBE40039C254 /* Debug */,
				88D347572485FBE40039C254 /* Release */,
			);
			defaultConfigurationIsVisible = 0;
			defaultConfigurationName = Release;
		};
		88D347582485FBE40039C254 /* Build configuration list for PBXNativeTarget "marblesUITests" */ = {
			isa = XCConfigurationList;
			buildConfigurations = (
				88D347592485FBE40039C254 /* Debug */,
				88D3475A2485FBE40039C254 /* Release */,
			);
			defaultConfigurationIsVisible = 0;
			defaultConfigurationName = Release;
		};
/* End XCConfigurationList section */
	};
	rootObject = 88D3471C2485FBE20039C254 /* Project object */;
}
